
Microsoft Visual Studio Solution File, Format Version 12.00
# Visual Studio Version 17
VisualStudioVersion = 17.0.31903.59
MinimumVisualStudioVersion = 10.0.40219.1
Project("{9A19103F-16F7-4668-BE54-9A1E7A4F7556}") = "01_WindowsForms", "01_WindowsForms\01_WindowsForms.csproj", "{1F7105D8-8EA6-4855-86C3-0911613FDCCA}"
EndProject
Project("{9A19103F-16F7-4668-BE54-9A1E7A4F7556}") = "Network10Lib2.Tests", "Network10Lib2.Tests\Network10Lib2.Tests.csproj", "{49A451B9-4771-4BF1-A895-DDDB4C0A0F5A}"
EndProject
Project("{9A19103F-16F7-4668-BE54-9A1E7A4F7556}") = "Network10Lib", "Network10Lib\Network10Lib.csproj", "{E17ED98C-40C3-42BC-809F-831E391CE5F2}"
EndProject
Project("{FAE04EC0-301F-11D3-BF4B-00C04F79EFBC}") = "Network10Lib.DemoWPF", "Network10Lib.DemoWPF\Network10Lib.DemoWPF.csproj", "{8DF2AD1C-D79A-4F4C-AD45-B89ECFD6D85F}"
EndProject
Global
	GlobalSection(SolutionConfigurationPlatforms) = preSolution
		Debug|Any CPU = Debug|Any CPU
		Release|Any CPU = Release|Any CPU
	EndGlobalSection
	GlobalSection(ProjectConfigurationPlatforms) = postSolution
		{1F7105D8-8EA6-4855-86C3-0911613FDCCA}.Debug|Any CPU.ActiveCfg = Debug|Any CPU
		{1F7105D8-8EA6-4855-86C3-0911613FDCCA}.Debug|Any CPU.Build.0 = Debug|Any CPU
		{1F7105D8-8EA6-4855-86C3-0911613FDCCA}.Release|Any CPU.ActiveCfg = Release|Any CPU
		{1F7105D8-8EA6-4855-86C3-0911613FDCCA}.Release|Any CPU.Build.0 = Release|Any CPU
		{49A451B9-4771-4BF1-A895-DDDB4C0A0F5A}.Debug|Any CPU.ActiveCfg = Debug|Any CPU
		{49A451B9-4771-4BF1-A895-DDDB4C0A0F5A}.Debug|Any CPU.Build.0 = Debug|Any CPU
		{49A451B9-4771-4BF1-A895-DDDB4C0A0F5A}.Release|Any CPU.ActiveCfg = Release|Any CPU
		{49A451B9-4771-4BF1-A895-DDDB4C0A0F5A}.Release|Any CPU.Build.0 = Release|Any CPU
		{E17ED98C-40C3-42BC-809F-831E391CE5F2}.Debug|Any CPU.ActiveCfg = Debug|Any CPU
		{E17ED98C-40C3-42BC-809F-831E391CE5F2}.Debug|Any CPU.Build.0 = Debug|Any CPU
		{E17ED98C-40C3-42BC-809F-831E391CE5F2}.Release|Any CPU.ActiveCfg = Release|Any CPU
		{E17ED98C-40C3-42BC-809F-831E391CE5F2}.Release|Any CPU.Build.0 = Release|Any CPU
		{8DF2AD1C-D79A-4F4C-AD45-B89ECFD6D85F}.Debug|Any CPU.ActiveCfg = Debug|Any CPU
		{8DF2AD1C-D79A-4F4C-AD45-B89ECFD6D85F}.Debug|Any CPU.Build.0 = Debug|Any CPU
		{8DF2AD1C-D79A-4F4C-AD45-B89ECFD6D85F}.Release|Any CPU.ActiveCfg = Release|Any CPU
		{8DF2AD1C-D79A-4F4C-AD45-B89ECFD6D85F}.Release|Any CPU.Build.0 = Release|Any CPU
	EndGlobalSection
	GlobalSection(SolutionProperties) = preSolution
		HideSolutionNode = FALSE
	EndGlobalSection
	GlobalSection(ExtensibilityGlobals) = postSolution
		SolutionGuid = {BD6770CD-F97D-48F5-A698-69C126702A63}
	EndGlobalSection
EndGlobal
